brotli==1.2.0
certifi==2026.7.22
cffi==2.1.1
charset-normalizer==3.5.2
cloudpickle==3.1.2
cryptography==50.0.2
flatbuffers==25.12.19
fonttools==4.66.1
idna==3.20
janome==0.5.0
joblib==1.6.0
mutagen==1.48.1
narwhals==2.26.0
numpy==2.5.3
onnxruntime==1.30.0
opencv-python==5.0.0.93
packaging==26.3
pillow==12.3.0
pip==26.2.1
protobuf==7.36.2
psutil==7.2.2
pycparser==3.0
pycryptodomex==3.23.0
qrcode==8.2
requests==2.34.2
scikit-learn==1.9.1
scipy==1.18.1
threadpoolctl==3.7.0
urllib3==2.8.0
websockets==17.1
yt-dlp==2026.8.19
yt-dlp-ejs==0.8.0
zxing-cpp==3.1.1
